
Microsoft Visual Studio Solution File, Format Version 12.00
# Visual Studio Version 17
VisualStudioVersion = 17.7.34031.279
MinimumVisualStudioVersion = 10.0.40219.1
Project("{FAE04EC0-301F-11D3-BF4B-00C04F79EFBC}") = "Day6_LinkedListProblem", "Day6_LinkedListProblem\Day6_LinkedListProblem.csproj", "{5BAF6A98-9BE8-437F-9A69-9B9B708D39D3}"
EndProject
Global
	GlobalSection(SolutionConfigurationPlatforms) = preSolution
		Debug|Any CPU = Debug|Any CPU
		Release|Any CPU = Release|Any CPU
	EndGlobalSection
	GlobalSection(ProjectConfigurationPlatforms) = postSolution
		{5BAF6A98-9BE8-437F-9A69-9B9B708D39D3}.Debug|Any CPU.ActiveCfg = Debug|Any CPU
		{5BAF6A98-9BE8-437F-9A69-9B9B708D39D3}.Debug|Any CPU.Build.0 = Debug|Any CPU
		{5BAF6A98-9BE8-437F-9A69-9B9B708D39D3}.Release|Any CPU.ActiveCfg = Release|Any CPU
		{5BAF6A98-9BE8-437F-9A69-9B9B708D39D3}.Release|Any CPU.Build.0 = Release|Any CPU
	EndGlobalSection
	GlobalSection(SolutionProperties) = preSolution
		HideSolutionNode = FALSE
	EndGlobalSection
	GlobalSection(ExtensibilityGlobals) = postSolution
		SolutionGuid = {774E6218-03DC-4707-ABA7-5A76C67E4CEC}
	EndGlobalSection
EndGlobal
